
Microsoft Visual Studio Solution File, Format Version 12.00
# Visual Studio Version 17
VisualStudioVersion = 17.11.35222.181
MinimumVisualStudioVersion = 10.0.40219.1
Project("{FAE04EC0-301F-11D3-BF4B-00C04F79EFBC}") = "proyecto1", "proyecto1\proyecto1.csproj", "{949E86B9-11D8-4286-A4DF-4B51BA059D2D}"
EndProject
Global
	GlobalSection(SolutionConfigurationPlatforms) = preSolution
		Debug|Any CPU = Debug|Any CPU
		Release|Any CPU = Release|Any CPU
	EndGlobalSection
	GlobalSection(ProjectConfigurationPlatforms) = postSolution
		{949E86B9-11D8-4286-A4DF-4B51BA059D2D}.Debug|Any CPU.ActiveCfg = Debug|Any CPU
		{949E86B9-11D8-4286-A4DF-4B51BA059D2D}.Debug|Any CPU.Build.0 = Debug|Any CPU
		{949E86B9-11D8-4286-A4DF-4B51BA059D2D}.Release|Any CPU.ActiveCfg = Release|Any CPU
		{949E86B9-11D8-4286-A4DF-4B51BA059D2D}.Release|Any CPU.Build.0 = Release|Any CPU
	EndGlobalSection
	GlobalSection(SolutionProperties) = preSolution
		HideSolutionNode = FALSE
	EndGlobalSection
	GlobalSection(ExtensibilityGlobals) = postSolution
		SolutionGuid = {45FFCB22-9E10-40D4-83FB-B98D01D65A36}
	EndGlobalSection
EndGlobal
